
Microsoft Visual Studio Solution File, Format Version 12.00
# Visual Studio Version 17
VisualStudioVersion = 17.9.34607.119
MinimumVisualStudioVersion = 10.0.40219.1
Project("{8BC9CEB8-8B4A-11D0-8D11-00A0C91BC942}") = "cv1_cpp_console", "cpp_console\cpp_console.vcxproj", "{76B39740-F58F-4B20-A856-65EEA29BC2F7}"
EndProject
Project("{FAE04EC0-301F-11D3-BF4B-00C04F79EFBC}") = "cv1_fw4_console", "fw4_console\cv1_fw4_console.csproj", "{247CD2B9-F362-4F43-B99F-47CC0FE16DFF}"
EndProject
Project("{9A19103F-16F7-4668-BE54-9A1E7A4F7556}") = "cv1_new_console", "new_console\cv1_new_console.csproj", "{06734783-7671-48E7-AC48-ADBCD64E6A86}"
EndProject
Project("{FAE04EC0-301F-11D3-BF4B-00C04F79EFBC}") = "cv2_konzola_exceptions", "cv2_konzola_exceptions\cv2_konzola_exceptions.csproj", "{D61DC96A-40E1-4AB0-A1E2-8B70E440FC01}"
EndProject
Project("{FAE04EC0-301F-11D3-BF4B-00C04F79EFBC}") = "cv2_sbuilder_dtime", "cv2_sbuilder_dtime\cv2_sbuilder_dtime.csproj", "{6EB27560-4566-4EAB-B2E0-0B0DAEBDF018}"
EndProject
Project("{FAE04EC0-301F-11D3-BF4B-00C04F79EFBC}") = "cv2_visual1", "cv2_visual1\cv2_visual1.csproj", "{097B1E94-5A91-4848-8127-BE7519118B2A}"
EndProject
Project("{FAE04EC0-301F-11D3-BF4B-00C04F79EFBC}") = "cv2_kontejnery", "cv2_kontejnery\cv2_kontejnery.csproj", "{7FD791FD-9B39-4FE8-9194-011E39F018C8}"
EndProject
Project("{FAE04EC0-301F-11D3-BF4B-00C04F79EFBC}") = "cv3_db_konzole", "cv3_db_konzole\cv3_db_konzole.csproj", "{9367CD14-38AD-425C-B9A1-5CE671732C8B}"
EndProject
Project("{FAE04EC0-301F-11D3-BF4B-00C04F79EFBC}") = "cv3_db_okno", "cv3_db_okno\cv3_db_okno.csproj", "{FCB21A2F-1C24-4056-881A-2F28FB30DFA8}"
EndProject
Project("{FAE04EC0-301F-11D3-BF4B-00C04F79EFBC}") = "cv4_udp_sender", "cv4_udp_sender\cv4_udp_sender.csproj", "{275CB2DA-17C5-4A83-9C06-E5504ED047D9}"
EndProject
Project("{FAE04EC0-301F-11D3-BF4B-00C04F79EFBC}") = "cv4_UDP_recv", "cv4_UDP_recv\cv4_UDP_recv.csproj", "{8B153829-AD8C-466B-A7E4-671E9DDC08A0}"
EndProject
Project("{FAE04EC0-301F-11D3-BF4B-00C04F79EFBC}") = "cv4_udp_recv_send", "cv4_udp_recv_send\cv4_udp_recv_send.csproj", "{90A2CAAA-831B-46C8-8933-7997B8B69DD8}"
EndProject
Project("{E24C65DC-7377-472B-9ABA-BC803B73C61A}") = "cv5_web(1)", "cv5_web\", "{21221619-2E95-40B4-B302-71B27DE5B459}"
	ProjectSection(WebsiteProperties) = preProject
		TargetFrameworkMoniker = ".NETFramework,Version%3Dv4.8.1"
		Debug.AspNetCompiler.VirtualPath = "/localhost_49714"
		Debug.AspNetCompiler.PhysicalPath = "cv5_web\"
		Debug.AspNetCompiler.TargetPath = "PrecompiledWeb\localhost_49714\"
		Debug.AspNetCompiler.Updateable = "true"
		Debug.AspNetCompiler.ForceOverwrite = "true"
		Debug.AspNetCompiler.FixedNames = "false"
		Debug.AspNetCompiler.Debug = "True"
		Release.AspNetCompiler.VirtualPath = "/localhost_49714"
		Release.AspNetCompiler.PhysicalPath = "cv5_web\"
		Release.AspNetCompiler.TargetPath = "PrecompiledWeb\localhost_49714\"
		Release.AspNetCompiler.Updateable = "true"
		Release.AspNetCompiler.ForceOverwrite = "true"
		Release.AspNetCompiler.FixedNames = "false"
		Release.AspNetCompiler.Debug = "False"
		VWDPort = "49714"
		SlnRelativePath = "cv5_web\"
	EndProjectSection
EndProject
Project("{FAE04EC0-301F-11D3-BF4B-00C04F79EFBC}") = "cv6_winforms", "cv6_winforms\cv6_winforms.csproj", "{D9BDBFE0-9C9F-4E6A-8318-5CF572D4CABF}"
EndProject
Project("{FAE04EC0-301F-11D3-BF4B-00C04F79EFBC}") = "cv6_library", "cv6_library\cv6_library.csproj", "{4015D0B2-A638-4795-8C25-5CEDB34262E4}"
EndProject
Project("{E24C65DC-7377-472B-9ABA-BC803B73C61A}") = "cv6_web", "cv6_web\", "{D839E907-C57C-4586-BE69-3D56B5C556E9}"
	ProjectSection(WebsiteProperties) = preProject
		TargetFrameworkMoniker = ".NETFramework,Version%3Dv4.8.1"
		ProjectReferences = "{4015d0b2-a638-4795-8c25-5cedb34262e4}|cv6_library.dll;"
		Debug.AspNetCompiler.VirtualPath = "/localhost_49490"
		Debug.AspNetCompiler.PhysicalPath = "cv6_web\"
		Debug.AspNetCompiler.TargetPath = "PrecompiledWeb\localhost_49490\"
		Debug.AspNetCompiler.Updateable = "true"
		Debug.AspNetCompiler.ForceOverwrite = "true"
		Debug.AspNetCompiler.FixedNames = "false"
		Debug.AspNetCompiler.Debug = "True"
		Release.AspNetCompiler.VirtualPath = "/localhost_49490"
		Release.AspNetCompiler.PhysicalPath = "cv6_web\"
		Release.AspNetCompiler.TargetPath = "PrecompiledWeb\localhost_49490\"
		Release.AspNetCompiler.Updateable = "true"
		Release.AspNetCompiler.ForceOverwrite = "true"
		Release.AspNetCompiler.FixedNames = "false"
		Release.AspNetCompiler.Debug = "False"
		VWDPort = "49490"
		SlnRelativePath = "cv6_web\"
	EndProjectSection
EndProject
Global
	GlobalSection(SolutionConfigurationPlatforms) = preSolution
		Debug|Any CPU = Debug|Any CPU
		Debug|x64 = Debug|x64
		Debug|x86 = Debug|x86
		Release|Any CPU = Release|Any CPU
		Release|x64 = Release|x64
		Release|x86 = Release|x86
	EndGlobalSection
	GlobalSection(ProjectConfigurationPlatforms) = postSolution
		{76B39740-F58F-4B20-A856-65EEA29BC2F7}.Debug|Any CPU.ActiveCfg = Debug|x64
		{76B39740-F58F-4B20-A856-65EEA29BC2F7}.Debug|Any CPU.Build.0 = Debug|x64
		{76B39740-F58F-4B20-A856-65EEA29BC2F7}.Debug|x64.ActiveCfg = Debug|x64
		{76B39740-F58F-4B20-A856-65EEA29BC2F7}.Debug|x64.Build.0 = Debug|x64
		{76B39740-F58F-4B20-A856-65EEA29BC2F7}.Debug|x86.ActiveCfg = Debug|Win32
		{76B39740-F58F-4B20-A856-65EEA29BC2F7}.Debug|x86.Build.0 = Debug|Win32
		{76B39740-F58F-4B20-A856-65EEA29BC2F7}.Release|Any CPU.ActiveCfg = Release|x64
		{76B39740-F58F-4B20-A856-65EEA29BC2F7}.Release|Any CPU.Build.0 = Release|x64
		{76B39740-F58F-4B20-A856-65EEA29BC2F7}.Release|x64.ActiveCfg = Release|x64
		{76B39740-F58F-4B20-A856-65EEA29BC2F7}.Release|x64.Build.0 = Release|x64
		{76B39740-F58F-4B20-A856-65EEA29BC2F7}.Release|x86.ActiveCfg = Release|Win32
		{76B39740-F58F-4B20-A856-65EEA29BC2F7}.Release|x86.Build.0 = Release|Win32
		{247CD2B9-F362-4F43-B99F-47CC0FE16DFF}.Debug|Any CPU.ActiveCfg = Debug|Any CPU
		{247CD2B9-F362-4F43-B99F-47CC0FE16DFF}.Debug|Any CPU.Build.0 = Debug|Any CPU
		{247CD2B9-F362-4F43-B99F-47CC0FE16DFF}.Debug|x64.ActiveCfg = Debug|Any CPU
		{247CD2B9-F362-4F43-B99F-47CC0FE16DFF}.Debug|x64.Build.0 = Debug|Any CPU
		{247CD2B9-F362-4F43-B99F-47CC0FE16DFF}.Debug|x86.ActiveCfg = Debug|Any CPU
		{247CD2B9-F362-4F43-B99F-47CC0FE16DFF}.Debug|x86.Build.0 = Debug|Any CPU
		{247CD2B9-F362-4F43-B99F-47CC0FE16DFF}.Release|Any CPU.ActiveCfg = Release|Any CPU
		{247CD2B9-F362-4F43-B99F-47CC0FE16DFF}.Release|Any CPU.Build.0 = Release|Any CPU
		{247CD2B9-F362-4F43-B99F-47CC0FE16DFF}.Release|x64.ActiveCfg = Release|Any CPU
		{247CD2B9-F362-4F43-B99F-47CC0FE16DFF}.Release|x64.Build.0 = Release|Any CPU
		{247CD2B9-F362-4F43-B99F-47CC0FE16DFF}.Release|x86.ActiveCfg = Release|Any CPU
		{247CD2B9-F362-4F43-B99F-47CC0FE16DFF}.Release|x86.Build.0 = Release|Any CPU
		{06734783-7671-48E7-AC48-ADBCD64E6A86}.Debug|Any CPU.ActiveCfg = Debug|Any CPU
		{06734783-7671-48E7-AC48-ADBCD64E6A86}.Debug|Any CPU.Build.0 = Debug|Any CPU
		{06734783-7671-48E7-AC48-ADBCD64E6A86}.Debug|x64.ActiveCfg = Debug|Any CPU
		{06734783-7671-48E7-AC48-ADBCD64E6A86}.Debug|x64.Build.0 = Debug|Any CPU
		{06734783-7671-48E7-AC48-ADBCD64E6A86}.Debug|x86.ActiveCfg = Debug|Any CPU
		{06734783-7671-48E7-AC48-ADBCD64E6A86}.Debug|x86.Build.0 = Debug|Any CPU
		{06734783-7671-48E7-AC48-ADBCD64E6A86}.Release|Any CPU.ActiveCfg = Release|Any CPU
		{06734783-7671-48E7-AC48-ADBCD64E6A86}.Release|Any CPU.Build.0 = Release|Any CPU
		{06734783-7671-48E7-AC48-ADBCD64E6A86}.Release|x64.ActiveCfg = Release|Any CPU
		{06734783-7671-48E7-AC48-ADBCD64E6A86}.Release|x64.Build.0 = Release|Any CPU
		{06734783-7671-48E7-AC48-ADBCD64E6A86}.Release|x86.ActiveCfg = Release|Any CPU
		{06734783-7671-48E7-AC48-ADBCD64E6A86}.Release|x86.Build.0 = Release|Any CPU
		{D61DC96A-40E1-4AB0-A1E2-8B70E440FC01}.Debug|Any CPU.ActiveCfg = Debug|Any CPU
		{D61DC96A-40E1-4AB0-A1E2-8B70E440FC01}.Debug|Any CPU.Build.0 = Debug|Any CPU
		{D61DC96A-40E1-4AB0-A1E2-8B70E440FC01}.Debug|x64.ActiveCfg = Debug|Any CPU
		{D61DC96A-40E1-4AB0-A1E2-8B70E440FC01}.Debug|x64.Build.0 = Debug|Any CPU
		{D61DC96A-40E1-4AB0-A1E2-8B70E440FC01}.Debug|x86.ActiveCfg = Debug|Any CPU
		{D61DC96A-40E1-4AB0-A1E2-8B70E440FC01}.Debug|x86.Build.0 = Debug|Any CPU
		{D61DC96A-40E1-4AB0-A1E2-8B70E440FC01}.Release|Any CPU.ActiveCfg = Release|Any CPU
		{D61DC96A-40E1-4AB0-A1E2-8B70E440FC01}.Release|Any CPU.Build.0 = Release|Any CPU
		{D61DC96A-40E1-4AB0-A1E2-8B70E440FC01}.Release|x64.ActiveCfg = Release|Any CPU
		{D61DC96A-40E1-4AB0-A1E2-8B70E440FC01}.Release|x64.Build.0 = Release|Any CPU
		{D61DC96A-40E1-4AB0-A1E2-8B70E440FC01}.Release|x86.ActiveCfg = Release|Any CPU
		{D61DC96A-40E1-4AB0-A1E2-8B70E440FC01}.Release|x86.Build.0 = Release|Any CPU
		{6EB27560-4566-4EAB-B2E0-0B0DAEBDF018}.Debug|Any CPU.ActiveCfg = Debug|Any CPU
		{6EB27560-4566-4EAB-B2E0-0B0DAEBDF018}.Debug|Any CPU.Build.0 = Debug|Any CPU
		{6EB27560-4566-4EAB-B2E0-0B0DAEBDF018}.Debug|x64.ActiveCfg = Debug|Any CPU
		{6EB27560-4566-4EAB-B2E0-0B0DAEBDF018}.Debug|x64.Build.0 = Debug|Any CPU
		{6EB27560-4566-4EAB-B2E0-0B0DAEBDF018}.Debug|x86.ActiveCfg = Debug|Any CPU
		{6EB27560-4566-4EAB-B2E0-0B0DAEBDF018}.Debug|x86.Build.0 = Debug|Any CPU
		{6EB27560-4566-4EAB-B2E0-0B0DAEBDF018}.Release|Any CPU.ActiveCfg = Release|Any CPU
		{6EB27560-4566-4EAB-B2E0-0B0DAEBDF018}.Release|Any CPU.Build.0 = Release|Any CPU
		{6EB27560-4566-4EAB-B2E0-0B0DAEBDF018}.Release|x64.ActiveCfg = Release|Any CPU
		{6EB27560-4566-4EAB-B2E0-0B0DAEBDF018}.Release|x64.Build.0 = Release|Any CPU
		{6EB27560-4566-4EAB-B2E0-0B0DAEBDF018}.Release|x86.ActiveCfg = Release|Any CPU
		{6EB27560-4566-4EAB-B2E0-0B0DAEBDF018}.Release|x86.Build.0 = Release|Any CPU
		{097B1E94-5A91-4848-8127-BE7519118B2A}.Debug|Any CPU.ActiveCfg = Debug|Any CPU
		{097B1E94-5A91-4848-8127-BE7519118B2A}.Debug|Any CPU.Build.0 = Debug|Any CPU
		{097B1E94-5A91-4848-8127-BE7519118B2A}.Debug|x64.ActiveCfg = Debug|Any CPU
		{097B1E94-5A91-4848-8127-BE7519118B2A}.Debug|x64.Build.0 = Debug|Any CPU
		{097B1E94-5A91-4848-8127-BE7519118B2A}.Debug|x86.ActiveCfg = Debug|Any CPU
		{097B1E94-5A91-4848-8127-BE7519118B2A}.Debug|x86.Build.0 = Debug|Any CPU
		{097B1E94-5A91-4848-8127-BE7519118B2A}.Release|Any CPU.ActiveCfg = Release|Any CPU
		{097B1E94-5A91-4848-8127-BE7519118B2A}.Release|Any CPU.Build.0 = Release|Any CPU
		{097B1E94-5A91-4848-8127-BE7519118B2A}.Release|x64.ActiveCfg = Release|Any CPU
		{097B1E94-5A91-4848-8127-BE7519118B2A}.Release|x64.Build.0 = Release|Any CPU
		{097B1E94-5A91-4848-8127-BE7519118B2A}.Release|x86.ActiveCfg = Release|Any CPU
		{097B1E94-5A91-4848-8127-BE7519118B2A}.Release|x86.Build.0 = Release|Any CPU
		{7FD791FD-9B39-4FE8-9194-011E39F018C8}.Debug|Any CPU.ActiveCfg = Debug|Any CPU
		{7FD791FD-9B39-4FE8-9194-011E39F018C8}.Debug|Any CPU.Build.0 = Debug|Any CPU
		{7FD791FD-9B39-4FE8-9194-011E39F018C8}.Debug|x64.ActiveCfg = Debug|Any CPU
		{7FD791FD-9B39-4FE8-9194-011E39F018C8}.Debug|x64.Build.0 = Debug|Any CPU
		{7FD791FD-9B39-4FE8-9194-011E39F018C8}.Debug|x86.ActiveCfg = Debug|Any CPU
		{7FD791FD-9B39-4FE8-9194-011E39F018C8}.Debug|x86.Build.0 = Debug|Any CPU
		{7FD791FD-9B39-4FE8-9194-011E39F018C8}.Release|Any CPU.ActiveCfg = Release|Any CPU
		{7FD791FD-9B39-4FE8-9194-011E39F018C8}.Release|Any CPU.Build.0 = Release|Any CPU
		{7FD791FD-9B39-4FE8-9194-011E39F018C8}.Release|x64.ActiveCfg = Release|Any CPU
		{7FD791FD-9B39-4FE8-9194-011E39F018C8}.Release|x64.Build.0 = Release|Any CPU
		{7FD791FD-9B39-4FE8-9194-011E39F018C8}.Release|x86.ActiveCfg = Release|Any CPU
		{7FD791FD-9B39-4FE8-9194-011E39F018C8}.Release|x86.Build.0 = Release|Any CPU
		{9367CD14-38AD-425C-B9A1-5CE671732C8B}.Debug|Any CPU.ActiveCfg = Debug|Any CPU
		{9367CD14-38AD-425C-B9A1-5CE671732C8B}.Debug|Any CPU.Build.0 = Debug|Any CPU
		{9367CD14-38AD-425C-B9A1-5CE671732C8B}.Debug|x64.ActiveCfg = Debug|Any CPU
		{9367CD14-38AD-425C-B9A1-5CE671732C8B}.Debug|x64.Build.0 = Debug|Any CPU
		{9367CD14-38AD-425C-B9A1-5CE671732C8B}.Debug|x86.ActiveCfg = Debug|Any CPU
		{9367CD14-38AD-425C-B9A1-5CE671732C8B}.Debug|x86.Build.0 = Debug|Any CPU
		{9367CD14-38AD-425C-B9A1-5CE671732C8B}.Release|Any CPU.ActiveCfg = Release|Any CPU
		{9367CD14-38AD-425C-B9A1-5CE671732C8B}.Release|Any CPU.Build.0 = Release|Any CPU
		{9367CD14-38AD-425C-B9A1-5CE671732C8B}.Release|x64.ActiveCfg = Release|Any CPU
		{9367CD14-38AD-425C-B9A1-5CE671732C8B}.Release|x64.Build.0 = Release|Any CPU
		{9367CD14-38AD-425C-B9A1-5CE671732C8B}.Release|x86.ActiveCfg = Release|Any CPU
		{9367CD14-38AD-425C-B9A1-5CE671732C8B}.Release|x86.Build.0 = Release|Any CPU
		{FCB21A2F-1C24-4056-881A-2F28FB30DFA8}.Debug|Any CPU.ActiveCfg = Debug|Any CPU
		{FCB21A2F-1C24-4056-881A-2F28FB30DFA8}.Debug|Any CPU.Build.0 = Debug|Any CPU
		{FCB21A2F-1C24-4056-881A-2F28FB30DFA8}.Debug|x64.ActiveCfg = Debug|Any CPU
		{FCB21A2F-1C24-4056-881A-2F28FB30DFA8}.Debug|x64.Build.0 = Debug|Any CPU
		{FCB21A2F-1C24-4056-881A-2F28FB30DFA8}.Debug|x86.ActiveCfg = Debug|Any CPU
		{FCB21A2F-1C24-4056-881A-2F28FB30DFA8}.Debug|x86.Build.0 = Debug|Any CPU
		{FCB21A2F-1C24-4056-881A-2F28FB30DFA8}.Release|Any CPU.ActiveCfg = Release|Any CPU
		{FCB21A2F-1C24-4056-881A-2F28FB30DFA8}.Release|Any CPU.Build.0 = Release|Any CPU
		{FCB21A2F-1C24-4056-881A-2F28FB30DFA8}.Release|x64.ActiveCfg = Release|Any CPU
		{FCB21A2F-1C24-4056-881A-2F28FB30DFA8}.Release|x64.Build.0 = Release|Any CPU
		{FCB21A2F-1C24-4056-881A-2F28FB30DFA8}.Release|x86.ActiveCfg = Release|Any CPU
		{FCB21A2F-1C24-4056-881A-2F28FB30DFA8}.Release|x86.Build.0 = Release|Any CPU
		{275CB2DA-17C5-4A83-9C06-E5504ED047D9}.Debug|Any CPU.ActiveCfg = Debug|Any CPU
		{275CB2DA-17C5-4A83-9C06-E5504ED047D9}.Debug|Any CPU.Build.0 = Debug|Any CPU
		{275CB2DA-17C5-4A83-9C06-E5504ED047D9}.Debug|x64.ActiveCfg = Debug|Any CPU
		{275CB2DA-17C5-4A83-9C06-E5504ED047D9}.Debug|x64.Build.0 = Debug|Any CPU
		{275CB2DA-17C5-4A83-9C06-E5504ED047D9}.Debug|x86.ActiveCfg = Debug|Any CPU
		{275CB2DA-17C5-4A83-9C06-E5504ED047D9}.Debug|x86.Build.0 = Debug|Any CPU
		{275CB2DA-17C5-4A83-9C06-E5504ED047D9}.Release|Any CPU.ActiveCfg = Release|Any CPU
		{275CB2DA-17C5-4A83-9C06-E5504ED047D9}.Release|Any CPU.Build.0 = Release|Any CPU
		{275CB2DA-17C5-4A83-9C06-E5504ED047D9}.Release|x64.ActiveCfg = Release|Any CPU
		{275CB2DA-17C5-4A83-9C06-E5504ED047D9}.Release|x64.Build.0 = Release|Any CPU
		{275CB2DA-17C5-4A83-9C06-E5504ED047D9}.Release|x86.ActiveCfg = Release|Any CPU
		{275CB2DA-17C5-4A83-9C06-E5504ED047D9}.Release|x86.Build.0 = Release|Any CPU
		{8B153829-AD8C-466B-A7E4-671E9DDC08A0}.Debug|Any CPU.ActiveCfg = Debug|Any CPU
		{8B153829-AD8C-466B-A7E4-671E9DDC08A0}.Debug|Any CPU.Build.0 = Debug|Any CPU
		{8B153829-AD8C-466B-A7E4-671E9DDC08A0}.Debug|x64.ActiveCfg = Debug|Any CPU
		{8B153829-AD8C-466B-A7E4-671E9DDC08A0}.Debug|x64.Build.0 = Debug|Any CPU
		{8B153829-AD8C-466B-A7E4-671E9DDC08A0}.Debug|x86.ActiveCfg = Debug|Any CPU
		{8B153829-AD8C-466B-A7E4-671E9DDC08A0}.Debug|x86.Build.0 = Debug|Any CPU
		{8B153829-AD8C-466B-A7E4-671E9DDC08A0}.Release|Any CPU.ActiveCfg = Release|Any CPU
		{8B153829-AD8C-466B-A7E4-671E9DDC08A0}.Release|Any CPU.Build.0 = Release|Any CPU
		{8B153829-AD8C-466B-A7E4-671E9DDC08A0}.Release|x64.ActiveCfg = Release|Any CPU
		{8B153829-AD8C-466B-A7E4-671E9DDC08A0}.Release|x64.Build.0 = Release|Any CPU
		{8B153829-AD8C-466B-A7E4-671E9DDC08A0}.Release|x86.ActiveCfg = Release|Any CPU
		{8B153829-AD8C-466B-A7E4-671E9DDC08A0}.Release|x86.Build.0 = Release|Any CPU
		{90A2CAAA-831B-46C8-8933-7997B8B69DD8}.Debug|Any CPU.ActiveCfg = Debug|Any CPU
		{90A2CAAA-831B-46C8-8933-7997B8B69DD8}.Debug|Any CPU.Build.0 = Debug|Any CPU
		{90A2CAAA-831B-46C8-8933-7997B8B69DD8}.Debug|x64.ActiveCfg = Debug|Any CPU
		{90A2CAAA-831B-46C8-8933-7997B8B69DD8}.Debug|x64.Build.0 = Debug|Any CPU
		{90A2CAAA-831B-46C8-8933-7997B8B69DD8}.Debug|x86.ActiveCfg = Debug|Any CPU
		{90A2CAAA-831B-46C8-8933-7997B8B69DD8}.Debug|x86.Build.0 = Debug|Any CPU
		{90A2CAAA-831B-46C8-8933-7997B8B69DD8}.Release|Any CPU.ActiveCfg = Release|Any CPU
		{90A2CAAA-831B-46C8-8933-7997B8B69DD8}.Release|Any CPU.Build.0 = Release|Any CPU
		{90A2CAAA-831B-46C8-8933-7997B8B69DD8}.Release|x64.ActiveCfg = Release|Any CPU
		{90A2CAAA-831B-46C8-8933-7997B8B69DD8}.Release|x64.Build.0 = Release|Any CPU
		{90A2CAAA-831B-46C8-8933-7997B8B69DD8}.Release|x86.ActiveCfg = Release|Any CPU
		{90A2CAAA-831B-46C8-8933-7997B8B69DD8}.Release|x86.Build.0 = Release|Any CPU
		{21221619-2E95-40B4-B302-71B27DE5B459}.Debug|Any CPU.ActiveCfg = Debug|Any CPU
		{21221619-2E95-40B4-B302-71B27DE5B459}.Debug|Any CPU.Build.0 = Debug|Any CPU
		{21221619-2E95-40B4-B302-71B27DE5B459}.Debug|x64.ActiveCfg = Debug|Any CPU
		{21221619-2E95-40B4-B302-71B27DE5B459}.Debug|x64.Build.0 = Debug|Any CPU
		{21221619-2E95-40B4-B302-71B27DE5B459}.Debug|x86.ActiveCfg = Debug|Any CPU
		{21221619-2E95-40B4-B302-71B27DE5B459}.Debug|x86.Build.0 = Debug|Any CPU
		{21221619-2E95-40B4-B302-71B27DE5B459}.Release|Any CPU.ActiveCfg = Debug|Any CPU
		{21221619-2E95-40B4-B302-71B27DE5B459}.Release|Any CPU.Build.0 = Debug|Any CPU
		{21221619-2E95-40B4-B302-71B27DE5B459}.Release|x64.ActiveCfg = Debug|Any CPU
		{21221619-2E95-40B4-B302-71B27DE5B459}.Release|x64.Build.0 = Debug|Any CPU
		{21221619-2E95-40B4-B302-71B27DE5B459}.Release|x86.ActiveCfg = Debug|Any CPU
		{21221619-2E95-40B4-B302-71B27DE5B459}.Release|x86.Build.0 = Debug|Any CPU
		{D9BDBFE0-9C9F-4E6A-8318-5CF572D4CABF}.Debug|Any CPU.ActiveCfg = Debug|Any CPU
		{D9BDBFE0-9C9F-4E6A-8318-5CF572D4CABF}.Debug|Any CPU.Build.0 = Debug|Any CPU
		{D9BDBFE0-9C9F-4E6A-8318-5CF572D4CABF}.Debug|x64.ActiveCfg = Debug|Any CPU
		{D9BDBFE0-9C9F-4E6A-8318-5CF572D4CABF}.Debug|x64.Build.0 = Debug|Any CPU
		{D9BDBFE0-9C9F-4E6A-8318-5CF572D4CABF}.Debug|x86.ActiveCfg = Debug|Any CPU
		{D9BDBFE0-9C9F-4E6A-8318-5CF572D4CABF}.Debug|x86.Build.0 = Debug|Any CPU
		{D9BDBFE0-9C9F-4E6A-8318-5CF572D4CABF}.Release|Any CPU.ActiveCfg = Release|Any CPU
		{D9BDBFE0-9C9F-4E6A-8318-5CF572D4CABF}.Release|Any CPU.Build.0 = Release|Any CPU
		{D9BDBFE0-9C9F-4E6A-8318-5CF572D4CABF}.Release|x64.ActiveCfg = Release|Any CPU
		{D9BDBFE0-9C9F-4E6A-8318-5CF572D4CABF}.Release|x64.Build.0 = Release|Any CPU
		{D9BDBFE0-9C9F-4E6A-8318-5CF572D4CABF}.Release|x86.ActiveCfg = Release|Any CPU
		{D9BDBFE0-9C9F-4E6A-8318-5CF572D4CABF}.Release|x86.Build.0 = Release|Any CPU
		{4015D0B2-A638-4795-8C25-5CEDB34262E4}.Debug|Any CPU.ActiveCfg = Debug|Any CPU
		{4015D0B2-A638-4795-8C25-5CEDB34262E4}.Debug|Any CPU.Build.0 = Debug|Any CPU
		{4015D0B2-A638-4795-8C25-5CEDB34262E4}.Debug|x64.ActiveCfg = Debug|Any CPU
		{4015D0B2-A638-4795-8C25-5CEDB34262E4}.Debug|x64.Build.0 = Debug|Any CPU
		{4015D0B2-A638-4795-8C25-5CEDB34262E4}.Debug|x86.ActiveCfg = Debug|Any CPU
		{4015D0B2-A638-4795-8C25-5CEDB34262E4}.Debug|x86.Build.0 = Debug|Any CPU
		{4015D0B2-A638-4795-8C25-5CEDB34262E4}.Release|Any CPU.ActiveCfg = Release|Any CPU
		{4015D0B2-A638-4795-8C25-5CEDB34262E4}.Release|Any CPU.Build.0 = Release|Any CPU
		{4015D0B2-A638-4795-8C25-5CEDB34262E4}.Release|x64.ActiveCfg = Release|Any CPU
		{4015D0B2-A638-4795-8C25-5CEDB34262E4}.Release|x64.Build.0 = Release|Any CPU
		{4015D0B2-A638-4795-8C25-5CEDB34262E4}.Release|x86.ActiveCfg = Release|Any CPU
		{4015D0B2-A638-4795-8C25-5CEDB34262E4}.Release|x86.Build.0 = Release|Any CPU
		{D839E907-C57C-4586-BE69-3D56B5C556E9}.Debug|Any CPU.ActiveCfg = Debug|Any CPU
		{D839E907-C57C-4586-BE69-3D56B5C556E9}.Debug|Any CPU.Build.0 = Debug|Any CPU
		{D839E907-C57C-4586-BE69-3D56B5C556E9}.Debug|x64.ActiveCfg = Debug|Any CPU
		{D839E907-C57C-4586-BE69-3D56B5C556E9}.Debug|x64.Build.0 = Debug|Any CPU
		{D839E907-C57C-4586-BE69-3D56B5C556E9}.Debug|x86.ActiveCfg = Debug|Any CPU
		{D839E907-C57C-4586-BE69-3D56B5C556E9}.Debug|x86.Build.0 = Debug|Any CPU
		{D839E907-C57C-4586-BE69-3D56B5C556E9}.Release|Any CPU.ActiveCfg = Debug|Any CPU
		{D839E907-C57C-4586-BE69-3D56B5C556E9}.Release|Any CPU.Build.0 = Debug|Any CPU
		{D839E907-C57C-4586-BE69-3D56B5C556E9}.Release|x64.ActiveCfg = Debug|Any CPU
		{D839E907-C57C-4586-BE69-3D56B5C556E9}.Release|x64.Build.0 = Debug|Any CPU
		{D839E907-C57C-4586-BE69-3D56B5C556E9}.Release|x86.ActiveCfg = Debug|Any CPU
		{D839E907-C57C-4586-BE69-3D56B5C556E9}.Release|x86.Build.0 = Debug|Any CPU
	EndGlobalSection
	GlobalSection(SolutionProperties) = preSolution
		HideSolutionNode = FALSE
	EndGlobalSection
	GlobalSection(ExtensibilityGlobals) = postSolution
		SolutionGuid = {981A6344-EBC5-4B5B-A969-E6657AE29223}
	EndGlobalSection
EndGlobal
