
Microsoft Visual Studio Solution File, Format Version 12.00
# Visual Studio Version 17
VisualStudioVersion = 17.9.34607.119
MinimumVisualStudioVersion = 10.0.40219.1
Project("{8BC9CEB8-8B4A-11D0-8D11-00A0C91BC942}") = "cpp_console", "cpp_console\cpp_console.vcxproj", "{76B39740-F58F-4B20-A856-65EEA29BC2F7}"
EndProject
Project("{FAE04EC0-301F-11D3-BF4B-00C04F79EFBC}") = "fw4_console", "fw4_console\fw4_console.csproj", "{247CD2B9-F362-4F43-B99F-47CC0FE16DFF}"
EndProject
Project("{FAE04EC0-301F-11D3-BF4B-00C04F79EFBC}") = "new_console", "new_console\new_console.csproj", "{06734783-7671-48E7-AC48-ADBCD64E6A86}"
EndProject
Global
	GlobalSection(SolutionConfigurationPlatforms) = preSolution
		Debug|Any CPU = Debug|Any CPU
		Debug|x64 = Debug|x64
		Debug|x86 = Debug|x86
		Release|Any CPU = Release|Any CPU
		Release|x64 = Release|x64
		Release|x86 = Release|x86
	EndGlobalSection
	GlobalSection(ProjectConfigurationPlatforms) = postSolution
		{76B39740-F58F-4B20-A856-65EEA29BC2F7}.Debug|Any CPU.ActiveCfg = Debug|x64
		{76B39740-F58F-4B20-A856-65EEA29BC2F7}.Debug|Any CPU.Build.0 = Debug|x64
		{76B39740-F58F-4B20-A856-65EEA29BC2F7}.Debug|x64.ActiveCfg = Debug|x64
		{76B39740-F58F-4B20-A856-65EEA29BC2F7}.Debug|x64.Build.0 = Debug|x64
		{76B39740-F58F-4B20-A856-65EEA29BC2F7}.Debug|x86.ActiveCfg = Debug|Win32
		{76B39740-F58F-4B20-A856-65EEA29BC2F7}.Debug|x86.Build.0 = Debug|Win32
		{76B39740-F58F-4B20-A856-65EEA29BC2F7}.Release|Any CPU.ActiveCfg = Release|x64
		{76B39740-F58F-4B20-A856-65EEA29BC2F7}.Release|Any CPU.Build.0 = Release|x64
		{76B39740-F58F-4B20-A856-65EEA29BC2F7}.Release|x64.ActiveCfg = Release|x64
		{76B39740-F58F-4B20-A856-65EEA29BC2F7}.Release|x64.Build.0 = Release|x64
		{76B39740-F58F-4B20-A856-65EEA29BC2F7}.Release|x86.ActiveCfg = Release|Win32
		{76B39740-F58F-4B20-A856-65EEA29BC2F7}.Release|x86.Build.0 = Release|Win32
		{247CD2B9-F362-4F43-B99F-47CC0FE16DFF}.Debug|Any CPU.ActiveCfg = Debug|Any CPU
		{247CD2B9-F362-4F43-B99F-47CC0FE16DFF}.Debug|Any CPU.Build.0 = Debug|Any CPU
		{247CD2B9-F362-4F43-B99F-47CC0FE16DFF}.Debug|x64.ActiveCfg = Debug|Any CPU
		{247CD2B9-F362-4F43-B99F-47CC0FE16DFF}.Debug|x64.Build.0 = Debug|Any CPU
		{247CD2B9-F362-4F43-B99F-47CC0FE16DFF}.Debug|x86.ActiveCfg = Debug|Any CPU
		{247CD2B9-F362-4F43-B99F-47CC0FE16DFF}.Debug|x86.Build.0 = Debug|Any CPU
		{247CD2B9-F362-4F43-B99F-47CC0FE16DFF}.Release|Any CPU.ActiveCfg = Release|Any CPU
		{247CD2B9-F362-4F43-B99F-47CC0FE16DFF}.Release|Any CPU.Build.0 = Release|Any CPU
		{247CD2B9-F362-4F43-B99F-47CC0FE16DFF}.Release|x64.ActiveCfg = Release|Any CPU
		{247CD2B9-F362-4F43-B99F-47CC0FE16DFF}.Release|x64.Build.0 = Release|Any CPU
		{247CD2B9-F362-4F43-B99F-47CC0FE16DFF}.Release|x86.ActiveCfg = Release|Any CPU
		{247CD2B9-F362-4F43-B99F-47CC0FE16DFF}.Release|x86.Build.0 = Release|Any CPU
		{06734783-7671-48E7-AC48-ADBCD64E6A86}.Debug|Any CPU.ActiveCfg = Debug|Any CPU
		{06734783-7671-48E7-AC48-ADBCD64E6A86}.Debug|Any CPU.Build.0 = Debug|Any CPU
		{06734783-7671-48E7-AC48-ADBCD64E6A86}.Debug|x64.ActiveCfg = Debug|Any CPU
		{06734783-7671-48E7-AC48-ADBCD64E6A86}.Debug|x64.Build.0 = Debug|Any CPU
		{06734783-7671-48E7-AC48-ADBCD64E6A86}.Debug|x86.ActiveCfg = Debug|Any CPU
		{06734783-7671-48E7-AC48-ADBCD64E6A86}.Debug|x86.Build.0 = Debug|Any CPU
		{06734783-7671-48E7-AC48-ADBCD64E6A86}.Release|Any CPU.ActiveCfg = Release|Any CPU
		{06734783-7671-48E7-AC48-ADBCD64E6A86}.Release|Any CPU.Build.0 = Release|Any CPU
		{06734783-7671-48E7-AC48-ADBCD64E6A86}.Release|x64.ActiveCfg = Release|Any CPU
		{06734783-7671-48E7-AC48-ADBCD64E6A86}.Release|x64.Build.0 = Release|Any CPU
		{06734783-7671-48E7-AC48-ADBCD64E6A86}.Release|x86.ActiveCfg = Release|Any CPU
		{06734783-7671-48E7-AC48-ADBCD64E6A86}.Release|x86.Build.0 = Release|Any CPU
	EndGlobalSection
	GlobalSection(SolutionProperties) = preSolution
		HideSolutionNode = FALSE
	EndGlobalSection
	GlobalSection(ExtensibilityGlobals) = postSolution
		SolutionGuid = {981A6344-EBC5-4B5B-A969-E6657AE29223}
	EndGlobalSection
EndGlobal
